
Microsoft Visual Studio Solution File, Format Version 12.00
# Visual Studio 2012
Project("{FAE04EC0-301F-11D3-BF4B-00C04F79EFBC}") = "GotoCore", "GotoCore.csproj", "{7B235966-591A-4DC3-A563-F799E9B2D566}"
EndProject
Global
	GlobalSection(SolutionConfigurationPlatforms) = preSolution
		Debug|Any CPU = Debug|Any CPU
		Release|Any CPU = Release|Any CPU
	EndGlobalSection
	GlobalSection(ProjectConfigurationPlatforms) = postSolution
		{7B235966-591A-4DC3-A563-F799E9B2D566}.Debug|Any CPU.ActiveCfg = Debug|Any CPU
		{7B235966-591A-4DC3-A563-F799E9B2D566}.Debug|Any CPU.Build.0 = Debug|Any CPU
		{7B235966-591A-4DC3-A563-F799E9B2D566}.Release|Any CPU.ActiveCfg = Release|Any CPU
		{7B235966-591A-4DC3-A563-F799E9B2D566}.Release|Any CPU.Build.0 = Release|Any CPU
	EndGlobalSection
EndGlobal
